
Microsoft Visual Studio Solution File, Format Version 12.00
# Visual Studio Version 16
VisualStudioVersion = 16.0.32407.337
MinimumVisualStudioVersion = 10.0.40219.1
Project("{FAE04EC0-301F-11D3-BF4B-00C04F79EFBC}") = "CsvInterfacesDemo", "CsvInterfacesDemo\CsvInterfacesDemo.csproj", "{66825F0B-24FB-44E0-A949-C29CC5B28436}"
EndProject
Global
	GlobalSection(SolutionConfigurationPlatforms) = preSolution
		Debug|Any CPU = Debug|Any CPU
		Release|Any CPU = Release|Any CPU
	EndGlobalSection
	GlobalSection(ProjectConfigurationPlatforms) = postSolution
		{66825F0B-24FB-44E0-A949-C29CC5B28436}.Debug|Any CPU.ActiveCfg = Debug|Any CPU
		{66825F0B-24FB-44E0-A949-C29CC5B28436}.Debug|Any CPU.Build.0 = Debug|Any CPU
		{66825F0B-24FB-44E0-A949-C29CC5B28436}.Release|Any CPU.ActiveCfg = Release|Any CPU
		{66825F0B-24FB-44E0-A949-C29CC5B28436}.Release|Any CPU.Build.0 = Release|Any CPU
	EndGlobalSection
	GlobalSection(SolutionProperties) = preSolution
		HideSolutionNode = FALSE
	EndGlobalSection
	GlobalSection(ExtensibilityGlobals) = postSolution
		SolutionGuid = {77C8E4F2-057E-4265-893D-FAEE92FCB645}
	EndGlobalSection
EndGlobal
